<Solution>
  <Project Path="AGP_AI/ASHATAIServer/ASHATAIServer.csproj">
    <BuildDependency Project="AGP_GameServer/Abstractions/Abstractions.csproj" />
    <BuildDependency Project="AGP_GameServer/LegendaryGameSystem.csproj" />
  </Project>
  <Project Path="AGP_GameServer/Abstractions/Abstractions.csproj" />
  <Project Path="AGP_GameServer/LegendaryGameSystem.csproj" />
</Solution>
