
Microsoft Visual Studio Solution File, Format Version 12.00
# Visual Studio Version 18
VisualStudioVersion = 18.0.11104.47
MinimumVisualStudioVersion = 10.0.40219.1
Project("{FAE04EC0-301F-11D3-BF4B-00C04F79EFBC}") = "Abstractions", "Abstractions\Abstractions.csproj", "{2A87BDC2-2DFF-443B-B455-90745B4785AA}"
EndProject
Project("{FAE04EC0-301F-11D3-BF4B-00C04F79EFBC}") = "ASHATCore", "ASHATCore\ASHATCore.csproj", "{2B5E308E-C777-4E8A-8EA8-E791A5C661CE}"
	ProjectSection(ProjectDependencies) = postProject
		{84EA0C94-29FF-29BE-161E-A676F93C9E31} = {84EA0C94-29FF-29BE-161E-A676F93C9E31}
	EndProjectSection
EndProject
Project("{FAE04EC0-301F-11D3-BF4B-00C04F79EFBC}") = "LegendaryGameEngine", "LegendaryGameEngine\LegendaryGameEngine.csproj", "{6A58CC2F-0CB8-4BD5-A6AF-19077BABB355}"
EndProject
Project("{FAE04EC0-301F-11D3-BF4B-00C04F79EFBC}") = "LegendaryGameServer", "LegendaryGameServer\LegendaryGameServer.csproj", "{A60CACCE-78CF-4A41-ABBE-FFAFB2B1ADED}"
EndProject
Project("{FAE04EC0-301F-11D3-BF4B-00C04F79EFBC}") = "LegendaryChat", "LegendaryChat\LegendaryChat.csproj", "{3D25D1C2-E0DD-B574-5997-6B5BC62E58E5}"
EndProject
Project("{FAE04EC0-301F-11D3-BF4B-00C04F79EFBC}") = "LegendaryGameClient", "LegendaryGameClient\LegendaryGameClient.csproj", "{E853EB05-B9D6-EE79-7BCF-AE9416E37107}"
EndProject
Project("{FAE04EC0-301F-11D3-BF4B-00C04F79EFBC}") = "LegendaryLearning", "LegendaryLearning\LegendaryLearning.csproj", "{3AFDC9DB-B2D5-369D-4C6B-2ADBF7945F21}"
EndProject
Project("{888888A0-9F3D-457C-B088-3A5042F75D52}") = "RaStudio", "RaStudios\RaStudio.pyproj", "{55744414-BD30-4E11-B9A0-C4EFADA13960}"
EndProject
Project("{FAE04EC0-301F-11D3-BF4B-00C04F79EFBC}") = "LegendaryCMS", "..\LegendaryCMS\LegendaryCMS.csproj", "{84EA0C94-29FF-29BE-161E-A676F93C9E31}"
	ProjectSection(ProjectDependencies) = postProject
		{2A87BDC2-2DFF-443B-B455-90745B4785AA} = {2A87BDC2-2DFF-443B-B455-90745B4785AA}
	EndProjectSection
EndProject
Global
	GlobalSection(SolutionConfigurationPlatforms) = preSolution
		Debug|Any CPU = Debug|Any CPU
		Debug|x64 = Debug|x64
		Debug|x86 = Debug|x86
		Release|Any CPU = Release|Any CPU
		Release|x64 = Release|x64
		Release|x86 = Release|x86
	EndGlobalSection
	GlobalSection(ProjectConfigurationPlatforms) = postSolution
		{2A87BDC2-2DFF-443B-B455-90745B4785AA}.Debug|Any CPU.ActiveCfg = Release|Any CPU
		{2A87BDC2-2DFF-443B-B455-90745B4785AA}.Debug|Any CPU.Build.0 = Release|Any CPU
		{2A87BDC2-2DFF-443B-B455-90745B4785AA}.Debug|x64.ActiveCfg = Debug|Any CPU
		{2A87BDC2-2DFF-443B-B455-90745B4785AA}.Debug|x64.Build.0 = Debug|Any CPU
		{2A87BDC2-2DFF-443B-B455-90745B4785AA}.Debug|x86.ActiveCfg = Debug|Any CPU
		{2A87BDC2-2DFF-443B-B455-90745B4785AA}.Debug|x86.Build.0 = Debug|Any CPU
		{2A87BDC2-2DFF-443B-B455-90745B4785AA}.Release|Any CPU.ActiveCfg = Release|Any CPU
		{2A87BDC2-2DFF-443B-B455-90745B4785AA}.Release|Any CPU.Build.0 = Release|Any CPU
		{2A87BDC2-2DFF-443B-B455-90745B4785AA}.Release|x64.ActiveCfg = Release|Any CPU
		{2A87BDC2-2DFF-443B-B455-90745B4785AA}.Release|x64.Build.0 = Release|Any CPU
		{2A87BDC2-2DFF-443B-B455-90745B4785AA}.Release|x86.ActiveCfg = Release|Any CPU
		{2A87BDC2-2DFF-443B-B455-90745B4785AA}.Release|x86.Build.0 = Release|Any CPU
		{2B5E308E-C777-4E8A-8EA8-E791A5C661CE}.Debug|Any CPU.ActiveCfg = Release|Any CPU
		{2B5E308E-C777-4E8A-8EA8-E791A5C661CE}.Debug|Any CPU.Build.0 = Release|Any CPU
		{2B5E308E-C777-4E8A-8EA8-E791A5C661CE}.Debug|x64.ActiveCfg = Debug|Any CPU
		{2B5E308E-C777-4E8A-8EA8-E791A5C661CE}.Debug|x64.Build.0 = Debug|Any CPU
		{2B5E308E-C777-4E8A-8EA8-E791A5C661CE}.Debug|x86.ActiveCfg = Debug|Any CPU
		{2B5E308E-C777-4E8A-8EA8-E791A5C661CE}.Debug|x86.Build.0 = Debug|Any CPU
		{2B5E308E-C777-4E8A-8EA8-E791A5C661CE}.Release|Any CPU.ActiveCfg = Release|Any CPU
		{2B5E308E-C777-4E8A-8EA8-E791A5C661CE}.Release|Any CPU.Build.0 = Release|Any CPU
		{2B5E308E-C777-4E8A-8EA8-E791A5C661CE}.Release|x64.ActiveCfg = Release|Any CPU
		{2B5E308E-C777-4E8A-8EA8-E791A5C661CE}.Release|x64.Build.0 = Release|Any CPU
		{2B5E308E-C777-4E8A-8EA8-E791A5C661CE}.Release|x86.ActiveCfg = Release|Any CPU
		{2B5E308E-C777-4E8A-8EA8-E791A5C661CE}.Release|x86.Build.0 = Release|Any CPU
		{6A58CC2F-0CB8-4BD5-A6AF-19077BABB355}.Debug|Any CPU.ActiveCfg = Debug|Any CPU
		{6A58CC2F-0CB8-4BD5-A6AF-19077BABB355}.Debug|Any CPU.Build.0 = Debug|Any CPU
		{6A58CC2F-0CB8-4BD5-A6AF-19077BABB355}.Debug|x64.ActiveCfg = Debug|Any CPU
		{6A58CC2F-0CB8-4BD5-A6AF-19077BABB355}.Debug|x64.Build.0 = Debug|Any CPU
		{6A58CC2F-0CB8-4BD5-A6AF-19077BABB355}.Debug|x86.ActiveCfg = Debug|Any CPU
		{6A58CC2F-0CB8-4BD5-A6AF-19077BABB355}.Debug|x86.Build.0 = Debug|Any CPU
		{6A58CC2F-0CB8-4BD5-A6AF-19077BABB355}.Release|Any CPU.ActiveCfg = Release|Any CPU
		{6A58CC2F-0CB8-4BD5-A6AF-19077BABB355}.Release|Any CPU.Build.0 = Release|Any CPU
		{6A58CC2F-0CB8-4BD5-A6AF-19077BABB355}.Release|x64.ActiveCfg = Release|Any CPU
		{6A58CC2F-0CB8-4BD5-A6AF-19077BABB355}.Release|x64.Build.0 = Release|Any CPU
		{6A58CC2F-0CB8-4BD5-A6AF-19077BABB355}.Release|x86.ActiveCfg = Release|Any CPU
		{6A58CC2F-0CB8-4BD5-A6AF-19077BABB355}.Release|x86.Build.0 = Release|Any CPU
		{A60CACCE-78CF-4A41-ABBE-FFAFB2B1ADED}.Debug|Any CPU.ActiveCfg = Debug|Any CPU
		{A60CACCE-78CF-4A41-ABBE-FFAFB2B1ADED}.Debug|Any CPU.Build.0 = Debug|Any CPU
		{A60CACCE-78CF-4A41-ABBE-FFAFB2B1ADED}.Debug|x64.ActiveCfg = Debug|Any CPU
		{A60CACCE-78CF-4A41-ABBE-FFAFB2B1ADED}.Debug|x64.Build.0 = Debug|Any CPU
		{A60CACCE-78CF-4A41-ABBE-FFAFB2B1ADED}.Debug|x86.ActiveCfg = Debug|Any CPU
		{A60CACCE-78CF-4A41-ABBE-FFAFB2B1ADED}.Debug|x86.Build.0 = Debug|Any CPU
		{A60CACCE-78CF-4A41-ABBE-FFAFB2B1ADED}.Release|Any CPU.ActiveCfg = Release|Any CPU
		{A60CACCE-78CF-4A41-ABBE-FFAFB2B1ADED}.Release|Any CPU.Build.0 = Release|Any CPU
		{A60CACCE-78CF-4A41-ABBE-FFAFB2B1ADED}.Release|x64.ActiveCfg = Release|Any CPU
		{A60CACCE-78CF-4A41-ABBE-FFAFB2B1ADED}.Release|x64.Build.0 = Release|Any CPU
		{A60CACCE-78CF-4A41-ABBE-FFAFB2B1ADED}.Release|x86.ActiveCfg = Release|Any CPU
		{A60CACCE-78CF-4A41-ABBE-FFAFB2B1ADED}.Release|x86.Build.0 = Release|Any CPU
		{3D25D1C2-E0DD-B574-5997-6B5BC62E58E5}.Debug|Any CPU.ActiveCfg = Debug|Any CPU
		{3D25D1C2-E0DD-B574-5997-6B5BC62E58E5}.Debug|Any CPU.Build.0 = Debug|Any CPU
		{3D25D1C2-E0DD-B574-5997-6B5BC62E58E5}.Debug|x64.ActiveCfg = Debug|Any CPU
		{3D25D1C2-E0DD-B574-5997-6B5BC62E58E5}.Debug|x64.Build.0 = Debug|Any CPU
		{3D25D1C2-E0DD-B574-5997-6B5BC62E58E5}.Debug|x86.ActiveCfg = Debug|Any CPU
		{3D25D1C2-E0DD-B574-5997-6B5BC62E58E5}.Debug|x86.Build.0 = Debug|Any CPU
		{3D25D1C2-E0DD-B574-5997-6B5BC62E58E5}.Release|Any CPU.ActiveCfg = Release|Any CPU
		{3D25D1C2-E0DD-B574-5997-6B5BC62E58E5}.Release|Any CPU.Build.0 = Release|Any CPU
		{3D25D1C2-E0DD-B574-5997-6B5BC62E58E5}.Release|x64.ActiveCfg = Release|Any CPU
		{3D25D1C2-E0DD-B574-5997-6B5BC62E58E5}.Release|x64.Build.0 = Release|Any CPU
		{3D25D1C2-E0DD-B574-5997-6B5BC62E58E5}.Release|x86.ActiveCfg = Release|Any CPU
		{3D25D1C2-E0DD-B574-5997-6B5BC62E58E5}.Release|x86.Build.0 = Release|Any CPU
		{E853EB05-B9D6-EE79-7BCF-AE9416E37107}.Debug|Any CPU.ActiveCfg = Debug|Any CPU
		{E853EB05-B9D6-EE79-7BCF-AE9416E37107}.Debug|Any CPU.Build.0 = Debug|Any CPU
		{E853EB05-B9D6-EE79-7BCF-AE9416E37107}.Debug|x64.ActiveCfg = Debug|Any CPU
		{E853EB05-B9D6-EE79-7BCF-AE9416E37107}.Debug|x64.Build.0 = Debug|Any CPU
		{E853EB05-B9D6-EE79-7BCF-AE9416E37107}.Debug|x86.ActiveCfg = Debug|Any CPU
		{E853EB05-B9D6-EE79-7BCF-AE9416E37107}.Debug|x86.Build.0 = Debug|Any CPU
		{E853EB05-B9D6-EE79-7BCF-AE9416E37107}.Release|Any CPU.ActiveCfg = Release|Any CPU
		{E853EB05-B9D6-EE79-7BCF-AE9416E37107}.Release|Any CPU.Build.0 = Release|Any CPU
		{E853EB05-B9D6-EE79-7BCF-AE9416E37107}.Release|x64.ActiveCfg = Release|Any CPU
		{E853EB05-B9D6-EE79-7BCF-AE9416E37107}.Release|x64.Build.0 = Release|Any CPU
		{E853EB05-B9D6-EE79-7BCF-AE9416E37107}.Release|x86.ActiveCfg = Release|Any CPU
		{E853EB05-B9D6-EE79-7BCF-AE9416E37107}.Release|x86.Build.0 = Release|Any CPU
		{3AFDC9DB-B2D5-369D-4C6B-2ADBF7945F21}.Debug|Any CPU.ActiveCfg = Debug|Any CPU
		{3AFDC9DB-B2D5-369D-4C6B-2ADBF7945F21}.Debug|Any CPU.Build.0 = Debug|Any CPU
		{3AFDC9DB-B2D5-369D-4C6B-2ADBF7945F21}.Debug|x64.ActiveCfg = Debug|Any CPU
		{3AFDC9DB-B2D5-369D-4C6B-2ADBF7945F21}.Debug|x64.Build.0 = Debug|Any CPU
		{3AFDC9DB-B2D5-369D-4C6B-2ADBF7945F21}.Debug|x86.ActiveCfg = Debug|Any CPU
		{3AFDC9DB-B2D5-369D-4C6B-2ADBF7945F21}.Debug|x86.Build.0 = Debug|Any CPU
		{3AFDC9DB-B2D5-369D-4C6B-2ADBF7945F21}.Release|Any CPU.ActiveCfg = Release|Any CPU
		{3AFDC9DB-B2D5-369D-4C6B-2ADBF7945F21}.Release|Any CPU.Build.0 = Release|Any CPU
		{3AFDC9DB-B2D5-369D-4C6B-2ADBF7945F21}.Release|x64.ActiveCfg = Release|Any CPU
		{3AFDC9DB-B2D5-369D-4C6B-2ADBF7945F21}.Release|x64.Build.0 = Release|Any CPU
		{3AFDC9DB-B2D5-369D-4C6B-2ADBF7945F21}.Release|x86.ActiveCfg = Release|Any CPU
		{3AFDC9DB-B2D5-369D-4C6B-2ADBF7945F21}.Release|x86.Build.0 = Release|Any CPU
		{55744414-BD30-4E11-B9A0-C4EFADA13960}.Debug|Any CPU.ActiveCfg = Debug|Any CPU
		{55744414-BD30-4E11-B9A0-C4EFADA13960}.Debug|x64.ActiveCfg = Debug|Any CPU
		{55744414-BD30-4E11-B9A0-C4EFADA13960}.Debug|x86.ActiveCfg = Debug|Any CPU
		{55744414-BD30-4E11-B9A0-C4EFADA13960}.Release|Any CPU.ActiveCfg = Release|Any CPU
		{55744414-BD30-4E11-B9A0-C4EFADA13960}.Release|x64.ActiveCfg = Release|Any CPU
		{55744414-BD30-4E11-B9A0-C4EFADA13960}.Release|x86.ActiveCfg = Release|Any CPU
		{84EA0C94-29FF-29BE-161E-A676F93C9E31}.Debug|Any CPU.ActiveCfg = Debug|Any CPU
		{84EA0C94-29FF-29BE-161E-A676F93C9E31}.Debug|Any CPU.Build.0 = Debug|Any CPU
		{84EA0C94-29FF-29BE-161E-A676F93C9E31}.Debug|x64.ActiveCfg = Debug|Any CPU
		{84EA0C94-29FF-29BE-161E-A676F93C9E31}.Debug|x64.Build.0 = Debug|Any CPU
		{84EA0C94-29FF-29BE-161E-A676F93C9E31}.Debug|x86.ActiveCfg = Debug|Any CPU
		{84EA0C94-29FF-29BE-161E-A676F93C9E31}.Debug|x86.Build.0 = Debug|Any CPU
		{84EA0C94-29FF-29BE-161E-A676F93C9E31}.Release|Any CPU.ActiveCfg = Release|Any CPU
		{84EA0C94-29FF-29BE-161E-A676F93C9E31}.Release|Any CPU.Build.0 = Release|Any CPU
		{84EA0C94-29FF-29BE-161E-A676F93C9E31}.Release|x64.ActiveCfg = Release|Any CPU
		{84EA0C94-29FF-29BE-161E-A676F93C9E31}.Release|x64.Build.0 = Release|Any CPU
		{84EA0C94-29FF-29BE-161E-A676F93C9E31}.Release|x86.ActiveCfg = Release|Any CPU
		{84EA0C94-29FF-29BE-161E-A676F93C9E31}.Release|x86.Build.0 = Release|Any CPU
	EndGlobalSection
	GlobalSection(SolutionProperties) = preSolution
		HideSolutionNode = FALSE
	EndGlobalSection
	GlobalSection(ExtensibilityGlobals) = postSolution
		SolutionGuid = {77938498-0159-4DD1-9891-D97D439E75D1}
	EndGlobalSection
EndGlobal
