<Solution>
  <Configurations>
    <Platform Name="Any CPU" />
    <Platform Name="x64" />
    <Platform Name="x86" />
  </Configurations>
  <Project Path="Abstractions/Abstractions.csproj" Id="5fc8f1a9-4089-45b7-a699-4498733816af" />
  <Project Path="RaCore/RaCore.csproj">
    <BuildDependency Project="Abstractions/Abstractions.csproj" />
  </Project>
</Solution>
